
Microsoft Visual Studio Solution File, Format Version 12.00
# Visual Studio 15
VisualStudioVersion = 15.0.27004.2009
MinimumVisualStudioVersion = 10.0.40219.1
Project("{FAE04EC0-301F-11D3-BF4B-00C04F79EFBC}") = "DataStructure-Stack", "DataStructure-Stack\DataStructure-Stack.csproj", "{755F1D75-4B02-4AE2-9B6E-B9AC6B0B1361}"
EndProject
Global
	GlobalSection(SolutionConfigurationPlatforms) = preSolution
		Debug|Any CPU = Debug|Any CPU
		Release|Any CPU = Release|Any CPU
	EndGlobalSection
	GlobalSection(ProjectConfigurationPlatforms) = postSolution
		{755F1D75-4B02-4AE2-9B6E-B9AC6B0B1361}.Debug|Any CPU.ActiveCfg = Debug|Any CPU
		{755F1D75-4B02-4AE2-9B6E-B9AC6B0B1361}.Debug|Any CPU.Build.0 = Debug|Any CPU
		{755F1D75-4B02-4AE2-9B6E-B9AC6B0B1361}.Release|Any CPU.ActiveCfg = Release|Any CPU
		{755F1D75-4B02-4AE2-9B6E-B9AC6B0B1361}.Release|Any CPU.Build.0 = Release|Any CPU
	EndGlobalSection
	GlobalSection(SolutionProperties) = preSolution
		HideSolutionNode = FALSE
	EndGlobalSection
	GlobalSection(ExtensibilityGlobals) = postSolution
		SolutionGuid = {010A55B9-625B-4524-B798-8D2B2D84B25A}
	EndGlobalSection
EndGlobal
